
Microsoft Visual Studio Solution File, Format Version 12.00
# Visual Studio 14
VisualStudioVersion = 14.0.25420.1
MinimumVisualStudioVersion = 10.0.40219.1
Project("{FAE04EC0-301F-11D3-BF4B-00C04F79EFBC}") = "User.Web", "User.Web\User.Web.csproj", "{11C5C52F-3D2C-4323-B52D-513A28865107}"
EndProject
Project("{FAE04EC0-301F-11D3-BF4B-00C04F79EFBC}") = "Services", "User.Payment\Services.csproj", "{77CDBC10-5BEC-4415-952A-B9C042D02BA6}"
EndProject
Project("{FAE04EC0-301F-11D3-BF4B-00C04F79EFBC}") = "Data.Model", "Data.Model\Data.Model.csproj", "{C56C9625-D035-4834-93EC-55D67CE46FD6}"
EndProject
Project("{FAE04EC0-301F-11D3-BF4B-00C04F79EFBC}") = "DataAccess", "DataAccess\DataAccess.csproj", "{9F2FECB6-76EF-4D70-A3D1-3D395CF2B8C6}"
EndProject
Global
	GlobalSection(SolutionConfigurationPlatforms) = preSolution
		Debug|Any CPU = Debug|Any CPU
		Release|Any CPU = Release|Any CPU
	EndGlobalSection
	GlobalSection(ProjectConfigurationPlatforms) = postSolution
		{11C5C52F-3D2C-4323-B52D-513A28865107}.Debug|Any CPU.ActiveCfg = Debug|Any CPU
		{11C5C52F-3D2C-4323-B52D-513A28865107}.Debug|Any CPU.Build.0 = Debug|Any CPU
		{11C5C52F-3D2C-4323-B52D-513A28865107}.Release|Any CPU.ActiveCfg = Release|Any CPU
		{11C5C52F-3D2C-4323-B52D-513A28865107}.Release|Any CPU.Build.0 = Release|Any CPU
		{77CDBC10-5BEC-4415-952A-B9C042D02BA6}.Debug|Any CPU.ActiveCfg = Debug|Any CPU
		{77CDBC10-5BEC-4415-952A-B9C042D02BA6}.Debug|Any CPU.Build.0 = Debug|Any CPU
		{77CDBC10-5BEC-4415-952A-B9C042D02BA6}.Release|Any CPU.ActiveCfg = Release|Any CPU
		{77CDBC10-5BEC-4415-952A-B9C042D02BA6}.Release|Any CPU.Build.0 = Release|Any CPU
		{C56C9625-D035-4834-93EC-55D67CE46FD6}.Debug|Any CPU.ActiveCfg = Debug|Any CPU
		{C56C9625-D035-4834-93EC-55D67CE46FD6}.Debug|Any CPU.Build.0 = Debug|Any CPU
		{C56C9625-D035-4834-93EC-55D67CE46FD6}.Release|Any CPU.ActiveCfg = Release|Any CPU
		{C56C9625-D035-4834-93EC-55D67CE46FD6}.Release|Any CPU.Build.0 = Release|Any CPU
		{9F2FECB6-76EF-4D70-A3D1-3D395CF2B8C6}.Debug|Any CPU.ActiveCfg = Debug|Any CPU
		{9F2FECB6-76EF-4D70-A3D1-3D395CF2B8C6}.Debug|Any CPU.Build.0 = Debug|Any CPU
		{9F2FECB6-76EF-4D70-A3D1-3D395CF2B8C6}.Release|Any CPU.ActiveCfg = Release|Any CPU
		{9F2FECB6-76EF-4D70-A3D1-3D395CF2B8C6}.Release|Any CPU.Build.0 = Release|Any CPU
	EndGlobalSection
	GlobalSection(SolutionProperties) = preSolution
		HideSolutionNode = FALSE
	EndGlobalSection
EndGlobal
